{
  "version": 4,
  "terraform_version": "1.3.9",
  "serial": 21,
  "lineage": "e503c351-1307-87bd-fcbe-da4076365b9e",
  "outputs": {},
  "resources": [
    {
      "module": "module.basic_vm",
      "mode": "managed",
      "type": "azurerm_linux_virtual_machine",
      "name": "vm",
      "provider": "provider[\"registry.terraform.io/hashicorp/azurerm\"]",
      "instances": [
        {
          "schema_version": 0,
          "attributes": {
            "additional_capabilities": [],
            "admin_password": null,
            "admin_ssh_key": [
              {
                "public_key": "ssh-rsa AAAAB3NzaC1yc2EAAAADAQABAAACAQDXv8RL52EAbsSYefN/FkQXmyZlx0g0NHdTnNNwVuyIKgiwHzowqprVjwXyqbMsbWhUBfHhqqJWPX7SOITG2TUtgn5w0OGhaYO3VPqmnCQlhAkbdmJkxZ48fsLd6ccD9R0P+tc4cfiC/ygLnh1eN0hmUy+ByXNI2LlnwIy6TqDkmvIyvLm02ZCs2Ih4weVKLGWJb3Yat69Vh5cdgYLemL1uuxnuGArJmUOD9Kji/JtIvAxUYv05l0hhj9kCv5Z786ObjLwsqjof5x4tZ6WnvAh69/YndY8873vNlyQP/XlYK6eTWu6cPab6CaH+cOaUjg+ZdYsCgnkHOenMcsrySKG5MwIcmP3uH61gmapJYPgAOdol4BIvAa+7Qam+ESneMBR4ZG787rkUINe1AftBa8skSUJZutLIjrXoLQc2vKMLNYb+5y/quJBrcmR4FFWKFO5yjMcm/KhzcrCWQJeIfrbY/1URtI2O8jY0Kh3ltPszOoaKeMMolcUSS7tKSeW52KS1O1NcYQ3/XtFLOK2q23vxNrcuHCdZMlt4vPI4U+xwSQUTaZrE4bECV88XaSu8PeHx+Zf4lw9ifHUsKaUEeUllOJ957P1McMaqCSNnpG0o3VARFZCi3FxSHRcCKz9+sbTJ3oQlOdKZNG5U7MBwPDOdhH/EeramUZgZTMP29Bs7fw== tomy@zenbook\n",
                "username": "adminuser"
              }
            ],
            "admin_username": "adminuser",
            "allow_extension_operations": true,
            "availability_set_id": "",
            "boot_diagnostics": [],
            "capacity_reservation_group_id": "",
            "computer_name": "multicloudify-azure-vm",
            "custom_data": null,
            "dedicated_host_group_id": "",
            "dedicated_host_id": "",
            "disable_password_authentication": true,
            "edge_zone": "",
            "encryption_at_host_enabled": false,
            "eviction_policy": "",
            "extensions_time_budget": "PT1H30M",
            "gallery_application": [],
            "id": "/subscriptions/2ec4d23f-a8f3-44e0-a9dc-db1838a993dc/resourceGroups/multicloudify-azure-resource-group/providers/Microsoft.Compute/virtualMachines/multicloudify-azure-vm",
            "identity": [],
            "license_type": "",
            "location": "westus",
            "max_bid_price": -1,
            "name": "multicloudify-azure-vm",
            "network_interface_ids": [
              "/subscriptions/2ec4d23f-a8f3-44e0-a9dc-db1838a993dc/resourceGroups/multicloudify-azure-resource-group/providers/Microsoft.Network/networkInterfaces/multicloudify-azure-nic"
            ],
            "os_disk": [
              {
                "caching": "ReadWrite",
                "diff_disk_settings": [],
                "disk_encryption_set_id": "",
                "disk_size_gb": 30,
                "name": "multicloudify-azure-vm_OsDisk_1_43dfd7cd284b48fbaa1d6f8ddfc81b93",
                "secure_vm_disk_encryption_set_id": "",
                "security_encryption_type": "",
                "storage_account_type": "Standard_LRS",
                "write_accelerator_enabled": false
              }
            ],
            "patch_assessment_mode": "ImageDefault",
            "patch_mode": "ImageDefault",
            "plan": [],
            "platform_fault_domain": -1,
            "priority": "Regular",
            "private_ip_address": "10.0.1.4",
            "private_ip_addresses": [
              "10.0.1.4"
            ],
            "provision_vm_agent": true,
            "proximity_placement_group_id": "",
            "public_ip_address": "138.91.235.39",
            "public_ip_addresses": [
              "138.91.235.39"
            ],
            "resource_group_name": "multicloudify-azure-resource-group",
            "secret": [],
            "secure_boot_enabled": false,
            "size": "Standard_B1s",
            "source_image_id": "",
            "source_image_reference": [
              {
                "offer": "UbuntuServer",
                "publisher": "Canonical",
                "sku": "16.04-LTS",
                "version": "latest"
              }
            ],
            "tags": null,
            "termination_notification": null,
            "timeouts": null,
            "user_data": "",
            "virtual_machine_id": "4d765c63-bef0-409d-91c7-5dd3031e05ca",
            "virtual_machine_scale_set_id": "",
            "vtpm_enabled": false,
            "zone": ""
          },
          "sensitive_attributes": [],
          "private": "eyJlMmJmYjczMC1lY2FhLTExZTYtOGY4OC0zNDM2M2JjN2M0YzAiOnsiY3JlYXRlIjoyNzAwMDAwMDAwMDAwLCJkZWxldGUiOjI3MDAwMDAwMDAwMDAsInJlYWQiOjMwMDAwMDAwMDAwMCwidXBkYXRlIjoyNzAwMDAwMDAwMDAwfX0=",
          "dependencies": [
            "module.basic_vm.azurerm_network_interface.nic",
            "module.basic_vm.azurerm_public_ip.vmpublicip",
            "module.basic_vm.azurerm_resource_group.rg",
            "module.basic_vm.azurerm_subnet.frontendsubnet",
            "module.basic_vm.azurerm_virtual_network.vnet"
          ]
        }
      ]
    },
    {
      "module": "module.basic_vm",
      "mode": "managed",
      "type": "azurerm_network_interface",
      "name": "nic",
      "provider": "provider[\"registry.terraform.io/hashicorp/azurerm\"]",
      "instances": [
        {
          "schema_version": 0,
          "attributes": {
            "applied_dns_servers": [],
            "dns_servers": [],
            "edge_zone": "",
            "enable_accelerated_networking": false,
            "enable_ip_forwarding": false,
            "id": "/subscriptions/2ec4d23f-a8f3-44e0-a9dc-db1838a993dc/resourceGroups/multicloudify-azure-resource-group/providers/Microsoft.Network/networkInterfaces/multicloudify-azure-nic",
            "internal_dns_name_label": "",
            "internal_domain_name_suffix": "jyzgxthlgfpulaovzkx0tm1uig.dx.internal.cloudapp.net",
            "ip_configuration": [
              {
                "gateway_load_balancer_frontend_ip_configuration_id": "",
                "name": "multicloudify-azure-nic-configuration",
                "primary": true,
                "private_ip_address": "10.0.1.4",
                "private_ip_address_allocation": "Dynamic",
                "private_ip_address_version": "IPv4",
                "public_ip_address_id": "/subscriptions/2ec4d23f-a8f3-44e0-a9dc-db1838a993dc/resourceGroups/multicloudify-azure-resource-group/providers/Microsoft.Network/publicIPAddresses/pip1",
                "subnet_id": "/subscriptions/2ec4d23f-a8f3-44e0-a9dc-db1838a993dc/resourceGroups/multicloudify-azure-resource-group/providers/Microsoft.Network/virtualNetworks/multicloudify-azure-vnet/subnets/multicloudify-azure-frontendSubnet"
              }
            ],
            "location": "westus",
            "mac_address": "",
            "name": "multicloudify-azure-nic",
            "private_ip_address": "10.0.1.4",
            "private_ip_addresses": [
              "10.0.1.4"
            ],
            "resource_group_name": "multicloudify-azure-resource-group",
            "tags": null,
            "timeouts": null,
            "virtual_machine_id": ""
          },
          "sensitive_attributes": [],
          "private": "eyJlMmJmYjczMC1lY2FhLTExZTYtOGY4OC0zNDM2M2JjN2M0YzAiOnsiY3JlYXRlIjoxODAwMDAwMDAwMDAwLCJkZWxldGUiOjE4MDAwMDAwMDAwMDAsInJlYWQiOjMwMDAwMDAwMDAwMCwidXBkYXRlIjoxODAwMDAwMDAwMDAwfX0=",
          "dependencies": [
            "module.basic_vm.azurerm_public_ip.vmpublicip",
            "module.basic_vm.azurerm_resource_group.rg",
            "module.basic_vm.azurerm_subnet.frontendsubnet",
            "module.basic_vm.azurerm_virtual_network.vnet"
          ]
        }
      ]
    },
    {
      "module": "module.basic_vm",
      "mode": "managed",
      "type": "azurerm_public_ip",
      "name": "vmpublicip",
      "provider": "provider[\"registry.terraform.io/hashicorp/azurerm\"]",
      "instances": [
        {
          "schema_version": 0,
          "attributes": {
            "allocation_method": "Dynamic",
            "ddos_protection_mode": "VirtualNetworkInherited",
            "ddos_protection_plan_id": null,
            "domain_name_label": null,
            "edge_zone": "",
            "fqdn": null,
            "id": "/subscriptions/2ec4d23f-a8f3-44e0-a9dc-db1838a993dc/resourceGroups/multicloudify-azure-resource-group/providers/Microsoft.Network/publicIPAddresses/pip1",
            "idle_timeout_in_minutes": 4,
            "ip_address": "",
            "ip_tags": null,
            "ip_version": "IPv4",
            "location": "westus",
            "name": "pip1",
            "public_ip_prefix_id": null,
            "resource_group_name": "multicloudify-azure-resource-group",
            "reverse_fqdn": null,
            "sku": "Basic",
            "sku_tier": "Regional",
            "tags": null,
            "timeouts": null,
            "zones": null
          },
          "sensitive_attributes": [],
          "private": "eyJlMmJmYjczMC1lY2FhLTExZTYtOGY4OC0zNDM2M2JjN2M0YzAiOnsiY3JlYXRlIjoxODAwMDAwMDAwMDAwLCJkZWxldGUiOjE4MDAwMDAwMDAwMDAsInJlYWQiOjMwMDAwMDAwMDAwMCwidXBkYXRlIjoxODAwMDAwMDAwMDAwfX0=",
          "dependencies": [
            "module.basic_vm.azurerm_resource_group.rg"
          ]
        }
      ]
    },
    {
      "module": "module.basic_vm",
      "mode": "managed",
      "type": "azurerm_resource_group",
      "name": "rg",
      "provider": "provider[\"registry.terraform.io/hashicorp/azurerm\"]",
      "instances": [
        {
          "schema_version": 0,
          "attributes": {
            "id": "/subscriptions/2ec4d23f-a8f3-44e0-a9dc-db1838a993dc/resourceGroups/multicloudify-azure-resource-group",
            "location": "westus",
            "name": "multicloudify-azure-resource-group",
            "tags": null,
            "timeouts": null
          },
          "sensitive_attributes": [],
          "private": "eyJlMmJmYjczMC1lY2FhLTExZTYtOGY4OC0zNDM2M2JjN2M0YzAiOnsiY3JlYXRlIjo1NDAwMDAwMDAwMDAwLCJkZWxldGUiOjU0MDAwMDAwMDAwMDAsInJlYWQiOjMwMDAwMDAwMDAwMCwidXBkYXRlIjo1NDAwMDAwMDAwMDAwfX0="
        }
      ]
    },
    {
      "module": "module.basic_vm",
      "mode": "managed",
      "type": "azurerm_subnet",
      "name": "frontendsubnet",
      "provider": "provider[\"registry.terraform.io/hashicorp/azurerm\"]",
      "instances": [
        {
          "schema_version": 0,
          "attributes": {
            "address_prefixes": [
              "10.0.1.0/24"
            ],
            "delegation": [],
            "enforce_private_link_endpoint_network_policies": false,
            "enforce_private_link_service_network_policies": false,
            "id": "/subscriptions/2ec4d23f-a8f3-44e0-a9dc-db1838a993dc/resourceGroups/multicloudify-azure-resource-group/providers/Microsoft.Network/virtualNetworks/multicloudify-azure-vnet/subnets/multicloudify-azure-frontendSubnet",
            "name": "multicloudify-azure-frontendSubnet",
            "private_endpoint_network_policies_enabled": true,
            "private_link_service_network_policies_enabled": true,
            "resource_group_name": "multicloudify-azure-resource-group",
            "service_endpoint_policy_ids": null,
            "service_endpoints": null,
            "timeouts": null,
            "virtual_network_name": "multicloudify-azure-vnet"
          },
          "sensitive_attributes": [],
          "private": "eyJlMmJmYjczMC1lY2FhLTExZTYtOGY4OC0zNDM2M2JjN2M0YzAiOnsiY3JlYXRlIjoxODAwMDAwMDAwMDAwLCJkZWxldGUiOjE4MDAwMDAwMDAwMDAsInJlYWQiOjMwMDAwMDAwMDAwMCwidXBkYXRlIjoxODAwMDAwMDAwMDAwfX0=",
          "dependencies": [
            "module.basic_vm.azurerm_resource_group.rg",
            "module.basic_vm.azurerm_virtual_network.vnet"
          ]
        }
      ]
    },
    {
      "module": "module.basic_vm",
      "mode": "managed",
      "type": "azurerm_virtual_network",
      "name": "vnet",
      "provider": "provider[\"registry.terraform.io/hashicorp/azurerm\"]",
      "instances": [
        {
          "schema_version": 0,
          "attributes": {
            "address_space": [
              "10.0.0.0/16"
            ],
            "bgp_community": "",
            "ddos_protection_plan": [],
            "dns_servers": [],
            "edge_zone": "",
            "flow_timeout_in_minutes": 0,
            "guid": "cc6b324e-31eb-455f-81d5-caafa9b37446",
            "id": "/subscriptions/2ec4d23f-a8f3-44e0-a9dc-db1838a993dc/resourceGroups/multicloudify-azure-resource-group/providers/Microsoft.Network/virtualNetworks/multicloudify-azure-vnet",
            "location": "westus",
            "name": "multicloudify-azure-vnet",
            "resource_group_name": "multicloudify-azure-resource-group",
            "subnet": [],
            "tags": null,
            "timeouts": null
          },
          "sensitive_attributes": [],
          "private": "eyJlMmJmYjczMC1lY2FhLTExZTYtOGY4OC0zNDM2M2JjN2M0YzAiOnsiY3JlYXRlIjoxODAwMDAwMDAwMDAwLCJkZWxldGUiOjE4MDAwMDAwMDAwMDAsInJlYWQiOjMwMDAwMDAwMDAwMCwidXBkYXRlIjoxODAwMDAwMDAwMDAwfX0=",
          "dependencies": [
            "module.basic_vm.azurerm_resource_group.rg"
          ]
        }
      ]
    }
  ],
  "check_results": null
}
